{
    "version": 3,
    "terraform_version": "0.11.14",
    "serial": 5,
    "lineage": "a047baf5-5c2c-b09b-af76-0e36a104d38f",
    "modules": [
        {
            "path": [
                "root"
            ],
            "outputs": {},
            "resources": {
                "aws_alb.tf-my-alb": {
                    "type": "aws_alb",
                    "depends_on": [],
                    "primary": {
                        "id": "arn:aws:elasticloadbalancing:us-east-1:621571676459:loadbalancer/app/tf-test-alb/2638a99dc3c24ef8",
                        "attributes": {
                            "access_logs.#": "1",
                            "access_logs.0.bucket": "",
                            "access_logs.0.enabled": "false",
                            "access_logs.0.prefix": "",
                            "arn": "arn:aws:elasticloadbalancing:us-east-1:621571676459:loadbalancer/app/tf-test-alb/2638a99dc3c24ef8",
                            "arn_suffix": "app/tf-test-alb/2638a99dc3c24ef8",
                            "dns_name": "tf-test-alb-596773925.us-east-1.elb.amazonaws.com",
                            "drop_invalid_header_fields": "false",
                            "enable_deletion_protection": "false",
                            "enable_http2": "true",
                            "id": "arn:aws:elasticloadbalancing:us-east-1:621571676459:loadbalancer/app/tf-test-alb/2638a99dc3c24ef8",
                            "idle_timeout": "60",
                            "internal": "false",
                            "ip_address_type": "ipv4",
                            "load_balancer_type": "application",
                            "name": "tf-test-alb",
                            "security_groups.#": "1",
                            "security_groups.3651897049": "sg-05d3150285df2cb75",
                            "subnet_mapping.#": "2",
                            "subnet_mapping.1025910092.allocation_id": "",
                            "subnet_mapping.1025910092.subnet_id": "subnet-0e5b07008a644854e",
                            "subnet_mapping.761228384.allocation_id": "",
                            "subnet_mapping.761228384.subnet_id": "subnet-008ad929401f8f650",
                            "subnets.#": "2",
                            "subnets.1391042036": "subnet-008ad929401f8f650",
                            "subnets.4057656174": "subnet-0e5b07008a644854e",
                            "tags.%": "1",
                            "tags.Name": "tf-test-alb",
                            "vpc_id": "vpc-07ff9307caebdcec9",
                            "zone_id": "Z35SXDOTRQ7X7K"
                        },
                        "meta": {
                            "e2bfb730-ecaa-11e6-8f88-34363bc7c4c0": {
                                "create": 600000000000,
                                "delete": 600000000000,
                                "update": 600000000000
                            }
                        },
                        "tainted": false
                    },
                    "deposed": [],
                    "provider": "provider.aws"
                },
                "aws_alb_listener.tf-test-alb-listener": {
                    "type": "aws_alb_listener",
                    "depends_on": [
                        "aws_alb.tf-my-alb",
                        "aws_alb_target_group.tf-target-group"
                    ],
                    "primary": {
                        "id": "arn:aws:elasticloadbalancing:us-east-1:621571676459:listener/app/tf-test-alb/2638a99dc3c24ef8/ff77082d5bb2fc19",
                        "attributes": {
                            "arn": "arn:aws:elasticloadbalancing:us-east-1:621571676459:listener/app/tf-test-alb/2638a99dc3c24ef8/ff77082d5bb2fc19",
                            "default_action.#": "1",
                            "default_action.0.authenticate_cognito.#": "0",
                            "default_action.0.authenticate_oidc.#": "0",
                            "default_action.0.fixed_response.#": "0",
                            "default_action.0.order": "1",
                            "default_action.0.redirect.#": "0",
                            "default_action.0.target_group_arn": "arn:aws:elasticloadbalancing:us-east-1:621571676459:targetgroup/tf-alb-tg/974702a3d22ec41f",
                            "default_action.0.type": "forward",
                            "id": "arn:aws:elasticloadbalancing:us-east-1:621571676459:listener/app/tf-test-alb/2638a99dc3c24ef8/ff77082d5bb2fc19",
                            "load_balancer_arn": "arn:aws:elasticloadbalancing:us-east-1:621571676459:loadbalancer/app/tf-test-alb/2638a99dc3c24ef8",
                            "port": "80",
                            "protocol": "HTTP",
                            "ssl_policy": ""
                        },
                        "meta": {
                            "e2bfb730-ecaa-11e6-8f88-34363bc7c4c0": {
                                "read": 600000000000
                            }
                        },
                        "tainted": false
                    },
                    "deposed": [],
                    "provider": "provider.aws"
                },
                "aws_alb_target_group.tf-target-group": {
                    "type": "aws_alb_target_group",
                    "depends_on": [],
                    "primary": {
                        "id": "arn:aws:elasticloadbalancing:us-east-1:621571676459:targetgroup/tf-alb-tg/974702a3d22ec41f",
                        "attributes": {
                            "arn": "arn:aws:elasticloadbalancing:us-east-1:621571676459:targetgroup/tf-alb-tg/974702a3d22ec41f",
                            "arn_suffix": "targetgroup/tf-alb-tg/974702a3d22ec41f",
                            "deregistration_delay": "300",
                            "health_check.#": "1",
                            "health_check.0.enabled": "true",
                            "health_check.0.healthy_threshold": "5",
                            "health_check.0.interval": "10",
                            "health_check.0.matcher": "200",
                            "health_check.0.path": "/",
                            "health_check.0.port": "traffic-port",
                            "health_check.0.protocol": "HTTP",
                            "health_check.0.timeout": "5",
                            "health_check.0.unhealthy_threshold": "2",
                            "id": "arn:aws:elasticloadbalancing:us-east-1:621571676459:targetgroup/tf-alb-tg/974702a3d22ec41f",
                            "lambda_multi_value_headers_enabled": "false",
                            "load_balancing_algorithm_type": "round_robin",
                            "name": "tf-alb-tg",
                            "port": "80",
                            "protocol": "HTTP",
                            "proxy_protocol_v2": "false",
                            "slow_start": "0",
                            "stickiness.#": "1",
                            "stickiness.0.cookie_duration": "86400",
                            "stickiness.0.enabled": "false",
                            "stickiness.0.type": "lb_cookie",
                            "tags.%": "1",
                            "tags.Name": "tf-alb-tg",
                            "target_type": "instance",
                            "vpc_id": "vpc-07ff9307caebdcec9"
                        },
                        "meta": {},
                        "tainted": false
                    },
                    "deposed": [],
                    "provider": "provider.aws"
                },
                "aws_alb_target_group_attachment.tf-alb-target-group-atatchment-1": {
                    "type": "aws_alb_target_group_attachment",
                    "depends_on": [
                        "aws_alb_target_group.tf-target-group"
                    ],
                    "primary": {
                        "id": "arn:aws:elasticloadbalancing:us-east-1:621571676459:targetgroup/tf-alb-tg/974702a3d22ec41f-20200416072808202100000002",
                        "attributes": {
                            "id": "arn:aws:elasticloadbalancing:us-east-1:621571676459:targetgroup/tf-alb-tg/974702a3d22ec41f-20200416072808202100000002",
                            "port": "80",
                            "target_group_arn": "arn:aws:elasticloadbalancing:us-east-1:621571676459:targetgroup/tf-alb-tg/974702a3d22ec41f",
                            "target_id": "i-06c131372d83386e6"
                        },
                        "meta": {},
                        "tainted": false
                    },
                    "deposed": [],
                    "provider": "provider.aws"
                },
                "aws_alb_target_group_attachment.tf-alb-target-group-atatchment-2": {
                    "type": "aws_alb_target_group_attachment",
                    "depends_on": [
                        "aws_alb_target_group.tf-target-group"
                    ],
                    "primary": {
                        "id": "arn:aws:elasticloadbalancing:us-east-1:621571676459:targetgroup/tf-alb-tg/974702a3d22ec41f-20200416072808187200000001",
                        "attributes": {
                            "id": "arn:aws:elasticloadbalancing:us-east-1:621571676459:targetgroup/tf-alb-tg/974702a3d22ec41f-20200416072808187200000001",
                            "port": "80",
                            "target_group_arn": "arn:aws:elasticloadbalancing:us-east-1:621571676459:targetgroup/tf-alb-tg/974702a3d22ec41f",
                            "target_id": "i-0231238519a333136"
                        },
                        "meta": {},
                        "tainted": false
                    },
                    "deposed": [],
                    "provider": "provider.aws"
                },
                "aws_security_group.my-alb-sg": {
                    "type": "aws_security_group",
                    "depends_on": [],
                    "primary": {
                        "id": "sg-0ef4c537f8b4d88f3",
                        "attributes": {
                            "arn": "arn:aws:ec2:us-east-1:621571676459:security-group/sg-0ef4c537f8b4d88f3",
                            "description": "Managed by Terraform",
                            "egress.#": "1",
                            "egress.482069346.cidr_blocks.#": "1",
                            "egress.482069346.cidr_blocks.0": "0.0.0.0/0",
                            "egress.482069346.description": "",
                            "egress.482069346.from_port": "0",
                            "egress.482069346.ipv6_cidr_blocks.#": "0",
                            "egress.482069346.prefix_list_ids.#": "0",
                            "egress.482069346.protocol": "-1",
                            "egress.482069346.security_groups.#": "0",
                            "egress.482069346.self": "false",
                            "egress.482069346.to_port": "0",
                            "id": "sg-0ef4c537f8b4d88f3",
                            "ingress.#": "1",
                            "ingress.2214680975.cidr_blocks.#": "1",
                            "ingress.2214680975.cidr_blocks.0": "0.0.0.0/0",
                            "ingress.2214680975.description": "",
                            "ingress.2214680975.from_port": "80",
                            "ingress.2214680975.ipv6_cidr_blocks.#": "0",
                            "ingress.2214680975.prefix_list_ids.#": "0",
                            "ingress.2214680975.protocol": "tcp",
                            "ingress.2214680975.security_groups.#": "0",
                            "ingress.2214680975.self": "false",
                            "ingress.2214680975.to_port": "80",
                            "name": "my-alb-sg",
                            "owner_id": "621571676459",
                            "revoke_rules_on_delete": "false",
                            "tags.%": "0",
                            "vpc_id": "vpc-07ff9307caebdcec9"
                        },
                        "meta": {
                            "e2bfb730-ecaa-11e6-8f88-34363bc7c4c0": {
                                "create": 600000000000,
                                "delete": 600000000000
                            },
                            "schema_version": "1"
                        },
                        "tainted": false
                    },
                    "deposed": [],
                    "provider": "provider.aws"
                },
                "aws_security_group_rule.inbound_http": {
                    "type": "aws_security_group_rule",
                    "depends_on": [
                        "aws_security_group.my-alb-sg"
                    ],
                    "primary": {
                        "id": "sgrule-3553036248",
                        "attributes": {
                            "cidr_blocks.#": "1",
                            "cidr_blocks.0": "0.0.0.0/0",
                            "description": "",
                            "from_port": "80",
                            "id": "sgrule-3553036248",
                            "ipv6_cidr_blocks.#": "0",
                            "prefix_list_ids.#": "0",
                            "protocol": "tcp",
                            "security_group_id": "sg-0ef4c537f8b4d88f3",
                            "self": "false",
                            "to_port": "80",
                            "type": "ingress"
                        },
                        "meta": {
                            "schema_version": "2"
                        },
                        "tainted": false
                    },
                    "deposed": [],
                    "provider": "provider.aws"
                },
                "aws_security_group_rule.outbound_all": {
                    "type": "aws_security_group_rule",
                    "depends_on": [
                        "aws_security_group.my-alb-sg"
                    ],
                    "primary": {
                        "id": "sgrule-3280303200",
                        "attributes": {
                            "cidr_blocks.#": "1",
                            "cidr_blocks.0": "0.0.0.0/0",
                            "description": "",
                            "from_port": "0",
                            "id": "sgrule-3280303200",
                            "ipv6_cidr_blocks.#": "0",
                            "prefix_list_ids.#": "0",
                            "protocol": "-1",
                            "security_group_id": "sg-0ef4c537f8b4d88f3",
                            "self": "false",
                            "to_port": "0",
                            "type": "egress"
                        },
                        "meta": {
                            "schema_version": "2"
                        },
                        "tainted": false
                    },
                    "deposed": [],
                    "provider": "provider.aws"
                }
            },
            "depends_on": []
        }
    ]
}
