{
    "version": 3,
    "terraform_version": "0.11.14",
    "serial": 3,
    "lineage": "2c4440dc-fbee-9446-61e3-f07defec112c",
    "modules": [
        {
            "path": [
                "root"
            ],
            "outputs": {},
            "resources": {
                "aws_key_pair.tf_auth": {
                    "type": "aws_key_pair",
                    "depends_on": [],
                    "primary": {
                        "id": "tfkey",
                        "attributes": {
                            "fingerprint": "f9:0f:8b:18:fa:6e:37:3b:62:0b:f1:51:73:54:85:9c",
                            "id": "tfkey",
                            "key_name": "tfkey",
                            "key_pair_id": "key-0b206756ef138a928",
                            "public_key": "ssh-rsa AAAAB3NzaC1yc2EAAAADAQABAAABgQC6+BGaZ6sRVarpCNgVxl4Sw2EkFHZHj+ZV8cfWJ/IgZWHcOMW4rnsPga3T9EedK09lugqNJjTm3y/ZhzEDwcCPW/apcWPO4ZjbmmTYbx31+JQHpEVY0a6o55ZJLkHXn460gZ1l67fOQ0M7OxSfUqBKyoQzF8xD0qISppYEhJv2p3SKe/3zfOprYzHCL51gDXuOOn1ZmXs3SWX+xoa76QAMECaRjlpYUiqCKdnRpVOb/6BYeu0mnyhDHK+1gsu+xR6zFFF3AtmfmkWTSYhAKhWD5Psm35iY9uCaoazEJyFXgXjiE7X+LliKtoVaKd7de2uqHJRQjFvKOOZU6HLpANu0kP+rqpkzg5XWcSpnk7O0B+YrOl6t5dOX2H3fBUkwwCU1jpsLfc4NRDHxsRg7tTfZWLpvQuhPv7sN2ilyLZXpQPR40fqRd0p4ZJQux8OcK5cC7WWw2JLnoZehp9844KsZ130GQpgsqtd4sAyMy/AAY3tBDDIooDjG3iJo5Jo1xM0= hemanthkrothapalli@mcpro.lan",
                            "tags.%": "0"
                        },
                        "meta": {
                            "schema_version": "1"
                        },
                        "tainted": false
                    },
                    "deposed": [],
                    "provider": "provider.aws"
                },
                "data.aws_ami.server_ami": {
                    "type": "aws_ami",
                    "depends_on": [],
                    "primary": {
                        "id": "ami-0915e09cc7ceee3ab",
                        "attributes": {
                            "architecture": "x86_64",
                            "block_device_mappings.#": "1",
                            "block_device_mappings.340275815.device_name": "/dev/xvda",
                            "block_device_mappings.340275815.ebs.%": "6",
                            "block_device_mappings.340275815.ebs.delete_on_termination": "true",
                            "block_device_mappings.340275815.ebs.encrypted": "false",
                            "block_device_mappings.340275815.ebs.iops": "0",
                            "block_device_mappings.340275815.ebs.snapshot_id": "snap-024a04301b08d170a",
                            "block_device_mappings.340275815.ebs.volume_size": "8",
                            "block_device_mappings.340275815.ebs.volume_type": "gp2",
                            "block_device_mappings.340275815.no_device": "",
                            "block_device_mappings.340275815.virtual_name": "",
                            "creation_date": "2020-04-07T05:39:31.000Z",
                            "description": "Amazon Linux AMI 2018.03.0.20200318.2 x86_64 HVM gp2",
                            "filter.#": "1",
                            "filter.2898439165.name": "name",
                            "filter.2898439165.values.#": "1",
                            "filter.2898439165.values.0": "amzn-ami-hvm*-x86_64-gp2",
                            "hypervisor": "xen",
                            "id": "ami-0915e09cc7ceee3ab",
                            "image_id": "ami-0915e09cc7ceee3ab",
                            "image_location": "amazon/amzn-ami-hvm-2018.03.0.20200318.2-x86_64-gp2",
                            "image_owner_alias": "amazon",
                            "image_type": "machine",
                            "most_recent": "true",
                            "name": "amzn-ami-hvm-2018.03.0.20200318.2-x86_64-gp2",
                            "owner_id": "137112412989",
                            "owners.#": "1",
                            "owners.0": "amazon",
                            "product_codes.#": "0",
                            "public": "true",
                            "root_device_name": "/dev/xvda",
                            "root_device_type": "ebs",
                            "root_snapshot_id": "snap-024a04301b08d170a",
                            "sriov_net_support": "simple",
                            "state": "available",
                            "state_reason.%": "2",
                            "state_reason.code": "UNSET",
                            "state_reason.message": "UNSET",
                            "tags.%": "0",
                            "virtualization_type": "hvm"
                        },
                        "meta": {},
                        "tainted": false
                    },
                    "deposed": [],
                    "provider": "provider.aws"
                }
            },
            "depends_on": []
        }
    ]
}
