{
    "version": 3,
    "terraform_version": "0.11.14",
    "serial": 2,
    "lineage": "76d725a4-feb1-a994-03ea-01ad55f1750a",
    "modules": [
        {
            "path": [
                "root"
            ],
            "outputs": {
                "public_sg": {
                    "sensitive": false,
                    "type": "string",
                    "value": "sg-023f3305c995c9ebe"
                },
                "public_subnets": {
                    "sensitive": false,
                    "type": "list",
                    "value": [
                        "subnet-09635d2bb69724fe0",
                        "subnet-03c384d8581ec11ea"
                    ]
                },
                "subnet_ips": {
                    "sensitive": false,
                    "type": "list",
                    "value": [
                        "10.123.1.0/24",
                        "10.123.2.0/24"
                    ]
                }
            },
            "resources": {
                "aws_default_route_table.tf_private_rt": {
                    "type": "aws_default_route_table",
                    "depends_on": [
                        "aws_vpc.tf_vpc"
                    ],
                    "primary": {
                        "id": "rtb-0be09c03463df7082",
                        "attributes": {
                            "default_route_table_id": "rtb-0be09c03463df7082",
                            "id": "rtb-0be09c03463df7082",
                            "owner_id": "605189564693",
                            "propagating_vgws.#": "0",
                            "route.#": "0",
                            "tags.%": "0",
                            "vpc_id": "vpc-0a41f4b04172615b2"
                        },
                        "meta": {},
                        "tainted": false
                    },
                    "deposed": [],
                    "provider": "provider.aws"
                },
                "aws_internet_gateway.tf_internet_gateway": {
                    "type": "aws_internet_gateway",
                    "depends_on": [
                        "aws_vpc.tf_vpc"
                    ],
                    "primary": {
                        "id": "igw-0b1f325e995a1ca05",
                        "attributes": {
                            "id": "igw-0b1f325e995a1ca05",
                            "owner_id": "605189564693",
                            "tags.%": "1",
                            "tags.Name": "tf_igw",
                            "vpc_id": "vpc-0a41f4b04172615b2"
                        },
                        "meta": {},
                        "tainted": false
                    },
                    "deposed": [],
                    "provider": "provider.aws"
                },
                "aws_route_table.tf_public_rt": {
                    "type": "aws_route_table",
                    "depends_on": [
                        "aws_internet_gateway.tf_internet_gateway",
                        "aws_vpc.tf_vpc"
                    ],
                    "primary": {
                        "id": "rtb-06712f7ff0c9834b6",
                        "attributes": {
                            "id": "rtb-06712f7ff0c9834b6",
                            "owner_id": "605189564693",
                            "propagating_vgws.#": "0",
                            "route.#": "1",
                            "route.2444659582.cidr_block": "0.0.0.0/0",
                            "route.2444659582.egress_only_gateway_id": "",
                            "route.2444659582.gateway_id": "igw-0b1f325e995a1ca05",
                            "route.2444659582.instance_id": "",
                            "route.2444659582.ipv6_cidr_block": "",
                            "route.2444659582.nat_gateway_id": "",
                            "route.2444659582.network_interface_id": "",
                            "route.2444659582.transit_gateway_id": "",
                            "route.2444659582.vpc_peering_connection_id": "",
                            "tags.%": "1",
                            "tags.Name": "tf_public",
                            "vpc_id": "vpc-0a41f4b04172615b2"
                        },
                        "meta": {},
                        "tainted": false
                    },
                    "deposed": [],
                    "provider": "provider.aws"
                },
                "aws_route_table_association.tf_public_assoc.0": {
                    "type": "aws_route_table_association",
                    "depends_on": [
                        "aws_route_table.tf_public_rt",
                        "aws_subnet.tf_public_subnet",
                        "aws_subnet.tf_public_subnet.*"
                    ],
                    "primary": {
                        "id": "rtbassoc-08e266ad2bc0c1a8f",
                        "attributes": {
                            "id": "rtbassoc-08e266ad2bc0c1a8f",
                            "route_table_id": "rtb-06712f7ff0c9834b6",
                            "subnet_id": "subnet-09635d2bb69724fe0"
                        },
                        "meta": {},
                        "tainted": false
                    },
                    "deposed": [],
                    "provider": "provider.aws"
                },
                "aws_route_table_association.tf_public_assoc.1": {
                    "type": "aws_route_table_association",
                    "depends_on": [
                        "aws_route_table.tf_public_rt",
                        "aws_subnet.tf_public_subnet",
                        "aws_subnet.tf_public_subnet.*"
                    ],
                    "primary": {
                        "id": "rtbassoc-0944c61b6f149e070",
                        "attributes": {
                            "id": "rtbassoc-0944c61b6f149e070",
                            "route_table_id": "rtb-06712f7ff0c9834b6",
                            "subnet_id": "subnet-03c384d8581ec11ea"
                        },
                        "meta": {},
                        "tainted": false
                    },
                    "deposed": [],
                    "provider": "provider.aws"
                },
                "aws_security_group.tf_public_sg": {
                    "type": "aws_security_group",
                    "depends_on": [
                        "aws_vpc.tf_vpc"
                    ],
                    "primary": {
                        "id": "sg-023f3305c995c9ebe",
                        "attributes": {
                            "arn": "arn:aws:ec2:us-east-1:605189564693:security-group/sg-023f3305c995c9ebe",
                            "description": "Used for access to the public instances",
                            "egress.#": "1",
                            "egress.482069346.cidr_blocks.#": "1",
                            "egress.482069346.cidr_blocks.0": "0.0.0.0/0",
                            "egress.482069346.description": "",
                            "egress.482069346.from_port": "0",
                            "egress.482069346.ipv6_cidr_blocks.#": "0",
                            "egress.482069346.prefix_list_ids.#": "0",
                            "egress.482069346.protocol": "-1",
                            "egress.482069346.security_groups.#": "0",
                            "egress.482069346.self": "false",
                            "egress.482069346.to_port": "0",
                            "id": "sg-023f3305c995c9ebe",
                            "ingress.#": "2",
                            "ingress.2214680975.cidr_blocks.#": "1",
                            "ingress.2214680975.cidr_blocks.0": "0.0.0.0/0",
                            "ingress.2214680975.description": "",
                            "ingress.2214680975.from_port": "80",
                            "ingress.2214680975.ipv6_cidr_blocks.#": "0",
                            "ingress.2214680975.prefix_list_ids.#": "0",
                            "ingress.2214680975.protocol": "tcp",
                            "ingress.2214680975.security_groups.#": "0",
                            "ingress.2214680975.self": "false",
                            "ingress.2214680975.to_port": "80",
                            "ingress.2541437006.cidr_blocks.#": "1",
                            "ingress.2541437006.cidr_blocks.0": "0.0.0.0/0",
                            "ingress.2541437006.description": "",
                            "ingress.2541437006.from_port": "22",
                            "ingress.2541437006.ipv6_cidr_blocks.#": "0",
                            "ingress.2541437006.prefix_list_ids.#": "0",
                            "ingress.2541437006.protocol": "tcp",
                            "ingress.2541437006.security_groups.#": "0",
                            "ingress.2541437006.self": "false",
                            "ingress.2541437006.to_port": "22",
                            "name": "tf_public_sg",
                            "owner_id": "605189564693",
                            "revoke_rules_on_delete": "false",
                            "tags.%": "0",
                            "vpc_id": "vpc-0a41f4b04172615b2"
                        },
                        "meta": {
                            "e2bfb730-ecaa-11e6-8f88-34363bc7c4c0": {
                                "create": 600000000000,
                                "delete": 600000000000
                            },
                            "schema_version": "1"
                        },
                        "tainted": false
                    },
                    "deposed": [],
                    "provider": "provider.aws"
                },
                "aws_subnet.tf_public_subnet.0": {
                    "type": "aws_subnet",
                    "depends_on": [
                        "aws_vpc.tf_vpc",
                        "data.aws_availability_zones.available"
                    ],
                    "primary": {
                        "id": "subnet-09635d2bb69724fe0",
                        "attributes": {
                            "arn": "arn:aws:ec2:us-east-1:605189564693:subnet/subnet-09635d2bb69724fe0",
                            "assign_ipv6_address_on_creation": "false",
                            "availability_zone": "us-east-1a",
                            "availability_zone_id": "use1-az4",
                            "cidr_block": "10.123.1.0/24",
                            "id": "subnet-09635d2bb69724fe0",
                            "ipv6_cidr_block": "",
                            "ipv6_cidr_block_association_id": "",
                            "map_public_ip_on_launch": "true",
                            "owner_id": "605189564693",
                            "tags.%": "1",
                            "tags.Name": "tf_public_1",
                            "vpc_id": "vpc-0a41f4b04172615b2"
                        },
                        "meta": {
                            "e2bfb730-ecaa-11e6-8f88-34363bc7c4c0": {
                                "create": 600000000000,
                                "delete": 1200000000000
                            },
                            "schema_version": "1"
                        },
                        "tainted": false
                    },
                    "deposed": [],
                    "provider": "provider.aws"
                },
                "aws_subnet.tf_public_subnet.1": {
                    "type": "aws_subnet",
                    "depends_on": [
                        "aws_vpc.tf_vpc",
                        "data.aws_availability_zones.available"
                    ],
                    "primary": {
                        "id": "subnet-03c384d8581ec11ea",
                        "attributes": {
                            "arn": "arn:aws:ec2:us-east-1:605189564693:subnet/subnet-03c384d8581ec11ea",
                            "assign_ipv6_address_on_creation": "false",
                            "availability_zone": "us-east-1b",
                            "availability_zone_id": "use1-az6",
                            "cidr_block": "10.123.2.0/24",
                            "id": "subnet-03c384d8581ec11ea",
                            "ipv6_cidr_block": "",
                            "ipv6_cidr_block_association_id": "",
                            "map_public_ip_on_launch": "true",
                            "owner_id": "605189564693",
                            "tags.%": "1",
                            "tags.Name": "tf_public_2",
                            "vpc_id": "vpc-0a41f4b04172615b2"
                        },
                        "meta": {
                            "e2bfb730-ecaa-11e6-8f88-34363bc7c4c0": {
                                "create": 600000000000,
                                "delete": 1200000000000
                            },
                            "schema_version": "1"
                        },
                        "tainted": false
                    },
                    "deposed": [],
                    "provider": "provider.aws"
                },
                "aws_vpc.tf_vpc": {
                    "type": "aws_vpc",
                    "depends_on": [],
                    "primary": {
                        "id": "vpc-0a41f4b04172615b2",
                        "attributes": {
                            "arn": "arn:aws:ec2:us-east-1:605189564693:vpc/vpc-0a41f4b04172615b2",
                            "assign_generated_ipv6_cidr_block": "false",
                            "cidr_block": "10.123.0.0/16",
                            "default_network_acl_id": "acl-01b2928b5a1fce694",
                            "default_route_table_id": "rtb-0be09c03463df7082",
                            "default_security_group_id": "sg-081241d7bd334ff3e",
                            "dhcp_options_id": "dopt-082779599e15bc4e8",
                            "enable_classiclink": "false",
                            "enable_classiclink_dns_support": "false",
                            "enable_dns_hostnames": "true",
                            "enable_dns_support": "true",
                            "id": "vpc-0a41f4b04172615b2",
                            "instance_tenancy": "default",
                            "ipv6_association_id": "",
                            "ipv6_cidr_block": "",
                            "main_route_table_id": "rtb-0be09c03463df7082",
                            "owner_id": "605189564693",
                            "tags.%": "1",
                            "tags.Name": "tf_vpc"
                        },
                        "meta": {
                            "schema_version": "1"
                        },
                        "tainted": false
                    },
                    "deposed": [],
                    "provider": "provider.aws"
                },
                "data.aws_availability_zones.available": {
                    "type": "aws_availability_zones",
                    "depends_on": [],
                    "primary": {
                        "id": "2020-04-15 01:38:28.370356 +0000 UTC",
                        "attributes": {
                            "group_names.#": "1",
                            "group_names.1602062193": "us-east-1",
                            "id": "2020-04-15 01:38:28.370356 +0000 UTC",
                            "names.#": "6",
                            "names.0": "us-east-1a",
                            "names.1": "us-east-1b",
                            "names.2": "us-east-1c",
                            "names.3": "us-east-1d",
                            "names.4": "us-east-1e",
                            "names.5": "us-east-1f",
                            "zone_ids.#": "6",
                            "zone_ids.0": "use1-az4",
                            "zone_ids.1": "use1-az6",
                            "zone_ids.2": "use1-az1",
                            "zone_ids.3": "use1-az2",
                            "zone_ids.4": "use1-az3",
                            "zone_ids.5": "use1-az5"
                        },
                        "meta": {},
                        "tainted": false
                    },
                    "deposed": [],
                    "provider": "provider.aws"
                }
            },
            "depends_on": []
        }
    ]
}
